
Microsoft Visual Studio Solution File, Format Version 12.00
# Visual Studio 15
VisualStudioVersion = 15.0.28010.2016
MinimumVisualStudioVersion = 10.0.40219.1
Project("{FAE04EC0-301F-11D3-BF4B-00C04F79EFBC}") = "HappyTails_WebShop", "HappyTails_WebShop\HappyTails_WebShop.csproj", "{2C7B0380-4432-48FE-8DD4-096698AABFA5}"
EndProject
Global
	GlobalSection(SolutionConfigurationPlatforms) = preSolution
		Debug|Any CPU = Debug|Any CPU
		Release|Any CPU = Release|Any CPU
	EndGlobalSection
	GlobalSection(ProjectConfigurationPlatforms) = postSolution
		{2C7B0380-4432-48FE-8DD4-096698AABFA5}.Debug|Any CPU.ActiveCfg = Debug|Any CPU
		{2C7B0380-4432-48FE-8DD4-096698AABFA5}.Debug|Any CPU.Build.0 = Debug|Any CPU
		{2C7B0380-4432-48FE-8DD4-096698AABFA5}.Release|Any CPU.ActiveCfg = Release|Any CPU
		{2C7B0380-4432-48FE-8DD4-096698AABFA5}.Release|Any CPU.Build.0 = Release|Any CPU
	EndGlobalSection
	GlobalSection(SolutionProperties) = preSolution
		HideSolutionNode = FALSE
	EndGlobalSection
	GlobalSection(ExtensibilityGlobals) = postSolution
		SolutionGuid = {B702CBC6-128E-4FAB-A477-7850AA81D38C}
	EndGlobalSection
EndGlobal
